
Microsoft Visual Studio Solution File, Format Version 12.00
# Visual Studio Version 16
VisualStudioVersion = 16.0.32428.249
MinimumVisualStudioVersion = 10.0.40219.1
Project("{FAE04EC0-301F-11D3-BF4B-00C04F79EFBC}") = "Onion-architecture", "Onion-architecture\Onion-architecture.csproj", "{66D7164C-B854-4E62-B9D1-A7CC4ABD2C98}"
EndProject
Project("{FAE04EC0-301F-11D3-BF4B-00C04F79EFBC}") = "Onion-architecture.Tests", "Onion-architecture.Tests\Onion-architecture.Tests.csproj", "{A61A17FA-EE06-451B-B35A-3206A2AF202D}"
EndProject
Global
	GlobalSection(SolutionConfigurationPlatforms) = preSolution
		Debug|Any CPU = Debug|Any CPU
		Release|Any CPU = Release|Any CPU
	EndGlobalSection
	GlobalSection(ProjectConfigurationPlatforms) = postSolution
		{66D7164C-B854-4E62-B9D1-A7CC4ABD2C98}.Debug|Any CPU.ActiveCfg = Debug|Any CPU
		{66D7164C-B854-4E62-B9D1-A7CC4ABD2C98}.Debug|Any CPU.Build.0 = Debug|Any CPU
		{66D7164C-B854-4E62-B9D1-A7CC4ABD2C98}.Release|Any CPU.ActiveCfg = Release|Any CPU
		{66D7164C-B854-4E62-B9D1-A7CC4ABD2C98}.Release|Any CPU.Build.0 = Release|Any CPU
		{A61A17FA-EE06-451B-B35A-3206A2AF202D}.Debug|Any CPU.ActiveCfg = Debug|Any CPU
		{A61A17FA-EE06-451B-B35A-3206A2AF202D}.Debug|Any CPU.Build.0 = Debug|Any CPU
		{A61A17FA-EE06-451B-B35A-3206A2AF202D}.Release|Any CPU.ActiveCfg = Release|Any CPU
		{A61A17FA-EE06-451B-B35A-3206A2AF202D}.Release|Any CPU.Build.0 = Release|Any CPU
	EndGlobalSection
	GlobalSection(SolutionProperties) = preSolution
		HideSolutionNode = FALSE
	EndGlobalSection
	GlobalSection(ExtensibilityGlobals) = postSolution
		SolutionGuid = {5A70670B-8F0E-4D2C-9F1C-0D550429411B}
	EndGlobalSection
EndGlobal
