
Microsoft Visual Studio Solution File, Format Version 12.00
Project("{FAE04EC0-301F-11D3-BF4B-00C04F79EFBC}") = "Domain", "Domain\Domain.csproj", "{FB9A93A5-6A0C-412D-8020-2027EF31D1E8}"
EndProject
Project("{FAE04EC0-301F-11D3-BF4B-00C04F79EFBC}") = "Application", "Application\Application.csproj", "{7101719E-CE80-4D1A-8031-FBF6ED4AB4BD}"
EndProject
Project("{FAE04EC0-301F-11D3-BF4B-00C04F79EFBC}") = "Infrastructure", "Infrastructure\Infrastructure.csproj", "{7BD7D7D5-F16A-47B3-927B-17D311FAFBD7}"
EndProject
Project("{FAE04EC0-301F-11D3-BF4B-00C04F79EFBC}") = "Tests", "Tests\Tests.csproj", "{156E5333-8588-47A4-86ED-F9CA6F694ECB}"
EndProject
Global
	GlobalSection(SolutionConfigurationPlatforms) = preSolution
		Debug|Any CPU = Debug|Any CPU
		Release|Any CPU = Release|Any CPU
	EndGlobalSection
	GlobalSection(ProjectConfigurationPlatforms) = postSolution
		{FB9A93A5-6A0C-412D-8020-2027EF31D1E8}.Debug|Any CPU.ActiveCfg = Debug|Any CPU
		{FB9A93A5-6A0C-412D-8020-2027EF31D1E8}.Debug|Any CPU.Build.0 = Debug|Any CPU
		{FB9A93A5-6A0C-412D-8020-2027EF31D1E8}.Release|Any CPU.ActiveCfg = Release|Any CPU
		{FB9A93A5-6A0C-412D-8020-2027EF31D1E8}.Release|Any CPU.Build.0 = Release|Any CPU
		{7101719E-CE80-4D1A-8031-FBF6ED4AB4BD}.Debug|Any CPU.ActiveCfg = Debug|Any CPU
		{7101719E-CE80-4D1A-8031-FBF6ED4AB4BD}.Debug|Any CPU.Build.0 = Debug|Any CPU
		{7101719E-CE80-4D1A-8031-FBF6ED4AB4BD}.Release|Any CPU.ActiveCfg = Release|Any CPU
		{7101719E-CE80-4D1A-8031-FBF6ED4AB4BD}.Release|Any CPU.Build.0 = Release|Any CPU
		{7BD7D7D5-F16A-47B3-927B-17D311FAFBD7}.Debug|Any CPU.ActiveCfg = Debug|Any CPU
		{7BD7D7D5-F16A-47B3-927B-17D311FAFBD7}.Debug|Any CPU.Build.0 = Debug|Any CPU
		{7BD7D7D5-F16A-47B3-927B-17D311FAFBD7}.Release|Any CPU.ActiveCfg = Release|Any CPU
		{7BD7D7D5-F16A-47B3-927B-17D311FAFBD7}.Release|Any CPU.Build.0 = Release|Any CPU
		{156E5333-8588-47A4-86ED-F9CA6F694ECB}.Debug|Any CPU.ActiveCfg = Debug|Any CPU
		{156E5333-8588-47A4-86ED-F9CA6F694ECB}.Debug|Any CPU.Build.0 = Debug|Any CPU
		{156E5333-8588-47A4-86ED-F9CA6F694ECB}.Release|Any CPU.ActiveCfg = Release|Any CPU
		{156E5333-8588-47A4-86ED-F9CA6F694ECB}.Release|Any CPU.Build.0 = Release|Any CPU
	EndGlobalSection
EndGlobal
